{
  "name": "D3-Charts",
  "version": "1.0.0",
  "lockfileVersion": 1,
  "requires": true,
  "dependencies": {
    "@types/d3": {
      "version": "5.7.1",
      "resolved": "http://registry.npm.taobao.org/@types/d3/download/@types/d3-5.7.1.tgz",
      "requires": {
        "@types/d3-array": "*",
        "@types/d3-axis": "*",
        "@types/d3-brush": "*",
        "@types/d3-chord": "*",
        "@types/d3-collection": "*",
        "@types/d3-color": "*",
        "@types/d3-contour": "*",
        "@types/d3-dispatch": "*",
        "@types/d3-drag": "*",
        "@types/d3-dsv": "*",
        "@types/d3-ease": "*",
        "@types/d3-fetch": "*",
        "@types/d3-force": "*",
        "@types/d3-format": "*",
        "@types/d3-geo": "*",
        "@types/d3-hierarchy": "*",
        "@types/d3-interpolate": "*",
        "@types/d3-path": "*",
        "@types/d3-polygon": "*",
        "@types/d3-quadtree": "*",
        "@types/d3-random": "*",
        "@types/d3-scale": "*",
        "@types/d3-scale-chromatic": "*",
        "@types/d3-selection": "*",
        "@types/d3-shape": "*",
        "@types/d3-time": "*",
        "@types/d3-time-format": "*",
        "@types/d3-timer": "*",
        "@types/d3-transition": "*",
        "@types/d3-voronoi": "*",
        "@types/d3-zoom": "*"
      },
      "dependencies": {
        "@types/d3-array": {
          "version": "1.2.6",
          "bundled": true
        },
        "@types/d3-axis": {
          "version": "1.0.12",
          "bundled": true,
          "requires": {
            "@types/d3-selection": "*"
          },
          "dependencies": {
            "@types/d3-selection": {
              "version": "1.4.1",
              "bundled": true
            }
          }
        },
        "@types/d3-brush": {
          "version": "1.0.10",
          "bundled": true,
          "requires": {
            "@types/d3-selection": "*"
          },
          "dependencies": {
            "@types/d3-selection": {
              "version": "1.4.1",
              "bundled": true
            }
          }
        },
        "@types/d3-chord": {
          "version": "1.0.9",
          "bundled": true
        },
        "@types/d3-collection": {
          "version": "1.0.8",
          "bundled": true
        },
        "@types/d3-color": {
          "version": "1.2.2",
          "bundled": true
        },
        "@types/d3-contour": {
          "version": "1.3.0",
          "bundled": true,
          "requires": {
            "@types/d3-array": "*",
            "@types/geojson": "*"
          },
          "dependencies": {
            "@types/d3-array": {
              "version": "1.2.6",
              "bundled": true
            },
            "@types/geojson": {
              "version": "7946.0.6",
              "bundled": true
            }
          }
        },
        "@types/d3-dispatch": {
          "version": "1.0.7",
          "bundled": true
        },
        "@types/d3-drag": {
          "version": "1.2.3",
          "bundled": true,
          "requires": {
            "@types/d3-selection": "*"
          },
          "dependencies": {
            "@types/d3-selection": {
              "version": "1.4.1",
              "bundled": true
            }
          }
        },
        "@types/d3-dsv": {
          "version": "1.0.36",
          "bundled": true
        },
        "@types/d3-ease": {
          "version": "1.0.8",
          "bundled": true
        },
        "@types/d3-fetch": {
          "version": "1.1.5",
          "bundled": true,
          "requires": {
            "@types/d3-dsv": "*"
          },
          "dependencies": {
            "@types/d3-dsv": {
              "version": "1.0.36",
              "bundled": true
            }
          }
        },
        "@types/d3-force": {
          "version": "1.2.1",
          "bundled": true
        },
        "@types/d3-format": {
          "version": "1.3.1",
          "bundled": true
        },
        "@types/d3-geo": {
          "version": "1.11.1",
          "bundled": true,
          "requires": {
            "@types/geojson": "*"
          },
          "dependencies": {
            "@types/geojson": {
              "version": "7946.0.6",
              "bundled": true
            }
          }
        },
        "@types/d3-hierarchy": {
          "version": "1.1.6",
          "bundled": true
        },
        "@types/d3-interpolate": {
          "version": "1.3.1",
          "bundled": true,
          "requires": {
            "@types/d3-color": "*"
          },
          "dependencies": {
            "@types/d3-color": {
              "version": "1.2.2",
              "bundled": true
            }
          }
        },
        "@types/d3-path": {
          "version": "1.0.8",
          "bundled": true
        },
        "@types/d3-polygon": {
          "version": "1.0.7",
          "bundled": true
        },
        "@types/d3-quadtree": {
          "version": "1.0.7",
          "bundled": true
        },
        "@types/d3-random": {
          "version": "1.1.2",
          "bundled": true
        },
        "@types/d3-scale": {
          "version": "2.1.1",
          "bundled": true,
          "requires": {
            "@types/d3-time": "*"
          },
          "dependencies": {
            "@types/d3-time": {
              "version": "1.0.10",
              "bundled": true
            }
          }
        },
        "@types/d3-scale-chromatic": {
          "version": "1.3.1",
          "bundled": true
        },
        "@types/d3-selection": {
          "version": "1.4.1",
          "bundled": true
        },
        "@types/d3-shape": {
          "version": "1.3.1",
          "bundled": true,
          "requires": {
            "@types/d3-path": "*"
          },
          "dependencies": {
            "@types/d3-path": {
              "version": "1.0.8",
              "bundled": true
            }
          }
        },
        "@types/d3-time": {
          "version": "1.0.10",
          "bundled": true
        },
        "@types/d3-time-format": {
          "version": "2.1.1",
          "bundled": true
        },
        "@types/d3-timer": {
          "version": "1.0.9",
          "bundled": true
        },
        "@types/d3-transition": {
          "version": "1.1.4",
          "bundled": true,
          "requires": {
            "@types/d3-selection": "*"
          },
          "dependencies": {
            "@types/d3-selection": {
              "version": "1.4.1",
              "bundled": true
            }
          }
        },
        "@types/d3-voronoi": {
          "version": "1.1.9",
          "bundled": true
        },
        "@types/d3-zoom": {
          "version": "1.7.4",
          "bundled": true,
          "requires": {
            "@types/d3-interpolate": "*",
            "@types/d3-selection": "*"
          },
          "dependencies": {
            "@types/d3-interpolate": {
              "version": "1.3.1",
              "bundled": true,
              "requires": {
                "@types/d3-color": "*"
              },
              "dependencies": {
                "@types/d3-color": {
                  "version": "1.2.2",
                  "bundled": true
                }
              }
            },
            "@types/d3-selection": {
              "version": "1.4.1",
              "bundled": true
            }
          }
        }
      }
    },
    "d3": {
      "version": "5.9.2",
      "resolved": "http://registry.npm.taobao.org/d3/download/d3-5.9.2.tgz",
      "dependencies": {
        "d3-array": {
          "version": "http://registry.npm.taobao.org/d3-array/download/d3-array-1.2.4.tgz",
          "bundled": true
        },
        "d3-axis": {
          "version": "http://registry.npm.taobao.org/d3-axis/download/d3-axis-1.0.12.tgz",
          "bundled": true
        },
        "d3-brush": {
          "version": "http://registry.npm.taobao.org/d3-brush/download/d3-brush-1.0.6.tgz",
          "bundled": true
        },
        "d3-chord": {
          "version": "http://registry.npm.taobao.org/d3-chord/download/d3-chord-1.0.6.tgz",
          "bundled": true
        },
        "d3-collection": {
          "version": "http://registry.npm.taobao.org/d3-collection/download/d3-collection-1.0.7.tgz",
          "bundled": true
        },
        "d3-color": {
          "version": "http://registry.npm.taobao.org/d3-color/download/d3-color-1.2.3.tgz",
          "bundled": true
        },
        "d3-contour": {
          "version": "http://registry.npm.taobao.org/d3-contour/download/d3-contour-1.3.2.tgz",
          "bundled": true
        },
        "d3-dispatch": {
          "version": "http://registry.npm.taobao.org/d3-dispatch/download/d3-dispatch-1.0.5.tgz",
          "bundled": true
        },
        "d3-drag": {
          "version": "http://registry.npm.taobao.org/d3-drag/download/d3-drag-1.2.3.tgz",
          "bundled": true,
          "dependencies": {
            "d3-dispatch": {
              "version": "http://registry.npm.taobao.org/d3-dispatch/download/d3-dispatch-1.0.5.tgz"
            },
            "d3-selection": {
              "version": "http://registry.npm.taobao.org/d3-selection/download/d3-selection-1.4.0.tgz"
            }
          }
        },
        "d3-dsv": {
          "version": "http://registry.npm.taobao.org/d3-dsv/download/d3-dsv-1.1.1.tgz",
          "bundled": true
        },
        "d3-ease": {
          "version": "http://registry.npm.taobao.org/d3-ease/download/d3-ease-1.0.5.tgz",
          "bundled": true
        },
        "d3-fetch": {
          "version": "http://registry.npm.taobao.org/d3-fetch/download/d3-fetch-1.1.2.tgz",
          "bundled": true,
          "dependencies": {
            "d3-dsv": {
              "version": "http://registry.npm.taobao.org/d3-dsv/download/d3-dsv-1.1.1.tgz",
              "dependencies": {
                "commander": {
                  "version": "http://registry.npm.taobao.org/commander/download/commander-2.19.0.tgz",
                  "bundled": true
                },
                "iconv-lite": {
                  "version": "http://registry.npm.taobao.org/iconv-lite/download/iconv-lite-0.4.24.tgz",
                  "bundled": true
                },
                "rw": {
                  "version": "http://registry.npm.taobao.org/rw/download/rw-1.3.3.tgz",
                  "bundled": true
                }
              }
            }
          }
        },
        "d3-force": {
          "version": "http://registry.npm.taobao.org/d3-force/download/d3-force-1.2.1.tgz",
          "bundled": true
        },
        "d3-format": {
          "version": "http://registry.npm.taobao.org/d3-format/download/d3-format-1.3.2.tgz",
          "bundled": true
        },
        "d3-geo": {
          "version": "http://registry.npm.taobao.org/d3-geo/download/d3-geo-1.11.3.tgz",
          "bundled": true
        },
        "d3-hierarchy": {
          "version": "http://registry.npm.taobao.org/d3-hierarchy/download/d3-hierarchy-1.1.8.tgz",
          "bundled": true
        },
        "d3-interpolate": {
          "version": "http://registry.npm.taobao.org/d3-interpolate/download/d3-interpolate-1.3.2.tgz",
          "bundled": true,
          "dependencies": {
            "d3-color": {
              "version": "http://registry.npm.taobao.org/d3-color/download/d3-color-1.2.3.tgz"
            }
          }
        },
        "d3-path": {
          "version": "http://registry.npm.taobao.org/d3-path/download/d3-path-1.0.7.tgz",
          "bundled": true
        },
        "d3-polygon": {
          "version": "http://registry.npm.taobao.org/d3-polygon/download/d3-polygon-1.0.5.tgz",
          "bundled": true
        },
        "d3-quadtree": {
          "version": "http://registry.npm.taobao.org/d3-quadtree/download/d3-quadtree-1.0.6.tgz",
          "bundled": true
        },
        "d3-random": {
          "version": "http://registry.npm.taobao.org/d3-random/download/d3-random-1.1.2.tgz",
          "bundled": true
        },
        "d3-scale": {
          "version": "http://registry.npm.taobao.org/d3-scale/download/d3-scale-2.2.2.tgz",
          "bundled": true
        },
        "d3-scale-chromatic": {
          "version": "http://registry.npm.taobao.org/d3-scale-chromatic/download/d3-scale-chromatic-1.3.3.tgz",
          "bundled": true
        },
        "d3-selection": {
          "version": "http://registry.npm.taobao.org/d3-selection/download/d3-selection-1.4.0.tgz",
          "bundled": true
        },
        "d3-shape": {
          "version": "http://registry.npm.taobao.org/d3-shape/download/d3-shape-1.3.4.tgz",
          "bundled": true
        },
        "d3-time": {
          "version": "http://registry.npm.taobao.org/d3-time/download/d3-time-1.0.11.tgz",
          "bundled": true
        },
        "d3-time-format": {
          "version": "http://registry.npm.taobao.org/d3-time-format/download/d3-time-format-2.1.3.tgz",
          "bundled": true,
          "dependencies": {
            "d3-time": {
              "version": "http://registry.npm.taobao.org/d3-time/download/d3-time-1.0.11.tgz"
            }
          }
        },
        "d3-timer": {
          "version": "http://registry.npm.taobao.org/d3-timer/download/d3-timer-1.0.9.tgz",
          "bundled": true
        },
        "d3-transition": {
          "version": "http://registry.npm.taobao.org/d3-transition/download/d3-transition-1.2.0.tgz",
          "bundled": true,
          "dependencies": {
            "d3-color": {
              "version": "http://registry.npm.taobao.org/d3-color/download/d3-color-1.2.3.tgz",
              "bundled": true
            },
            "d3-dispatch": {
              "version": "http://registry.npm.taobao.org/d3-dispatch/download/d3-dispatch-1.0.5.tgz",
              "bundled": true
            },
            "d3-ease": {
              "version": "http://registry.npm.taobao.org/d3-ease/download/d3-ease-1.0.5.tgz",
              "bundled": true
            },
            "d3-interpolate": {
              "version": "http://registry.npm.taobao.org/d3-interpolate/download/d3-interpolate-1.3.2.tgz",
              "bundled": true,
              "dependencies": {
                "d3-color": {
                  "version": "http://registry.npm.taobao.org/d3-color/download/d3-color-1.2.3.tgz"
                }
              }
            },
            "d3-selection": {
              "version": "http://registry.npm.taobao.org/d3-selection/download/d3-selection-1.4.0.tgz",
              "bundled": true
            },
            "d3-timer": {
              "version": "http://registry.npm.taobao.org/d3-timer/download/d3-timer-1.0.9.tgz",
              "bundled": true
            }
          }
        },
        "d3-voronoi": {
          "version": "http://registry.npm.taobao.org/d3-voronoi/download/d3-voronoi-1.1.4.tgz",
          "bundled": true
        },
        "d3-zoom": {
          "version": "http://registry.npm.taobao.org/d3-zoom/download/d3-zoom-1.7.3.tgz",
          "bundled": true
        }
      }
    },
    "typescript": {
      "version": "3.3.3333",
      "resolved": "https://registry.npmjs.org/typescript/-/typescript-3.3.3333.tgz",
      "integrity": "sha512-JjSKsAfuHBE/fB2oZ8NxtRTk5iGcg6hkYXMnZ3Wc+b2RSqejEqTaem11mHASMnFilHrax3sLK0GDzcJrekZYLw==",
      "dev": true
    }
  }
}
